
Microsoft Visual Studio Solution File, Format Version 12.00
# Visual Studio Version 16
VisualStudioVersion = 16.0.31729.503
MinimumVisualStudioVersion = 10.0.40219.1
Project("{9A19103F-16F7-4668-BE54-9A1E7A4F7556}") = "RefactorThis.API", "RefactorThisAPI\RefactorThis.API.csproj", "{6CAAD6DF-046A-4924-8949-96D55B975716}"
EndProject
Project("{9A19103F-16F7-4668-BE54-9A1E7A4F7556}") = "RefactorThis.Domain", "ReactorThis.Domain\RefactorThis.Domain.csproj", "{F94B3908-AD70-4448-B627-B7642859D18F}"
EndProject
Project("{9A19103F-16F7-4668-BE54-9A1E7A4F7556}") = "RefactorThis.Domain.Tests", "RefactorThis.Domain.Tests\RefactorThis.Domain.Tests.csproj", "{B0071BA0-7EC6-4D5C-8C08-32445FFCB844}"
EndProject
Project("{9A19103F-16F7-4668-BE54-9A1E7A4F7556}") = "RefactorThis.Persistence.Sqlite", "RefactorThis.Persistence.Sqlite\RefactorThis.Persistence.Sqlite.csproj", "{F717DC02-7B2A-412C-90DC-FF14D2B46906}"
EndProject
Project("{9A19103F-16F7-4668-BE54-9A1E7A4F7556}") = "RefactorThis.Application", "RefactorThis.Application\RefactorThis.Application.csproj", "{4D377721-BA55-4D2A-9CE7-DDB0C876E8B0}"
EndProject
Project("{2150E333-8FDC-42A3-9474-1A3956D46DE8}") = "Solution Items", "Solution Items", "{0E980D9B-063B-4B11-8380-909FD9B7C612}"
	ProjectSection(SolutionItems) = preProject
		.dockerignore = .dockerignore
		.gitignore = .gitignore
		App_Data\products.db = App_Data\products.db
	EndProjectSection
EndProject
Project("{9A19103F-16F7-4668-BE54-9A1E7A4F7556}") = "RefactorThis.Persistence.Sqlite.Tests", "RefactorThis.Persistence.Sqlite.Tests\RefactorThis.Persistence.Sqlite.Tests.csproj", "{3D6D31CC-B054-4308-8487-E57CB36C2AFD}"
EndProject
Project("{FAE04EC0-301F-11D3-BF4B-00C04F79EFBC}") = "RefactorThis.Application.Tests", "RefactorThis.Application.Tests\RefactorThis.Application.Tests.csproj", "{02736BC3-7778-42CE-BB76-FF751C60276A}"
EndProject
Global
	GlobalSection(SolutionConfigurationPlatforms) = preSolution
		Debug|Any CPU = Debug|Any CPU
		Release|Any CPU = Release|Any CPU
	EndGlobalSection
	GlobalSection(ProjectConfigurationPlatforms) = postSolution
		{6CAAD6DF-046A-4924-8949-96D55B975716}.Debug|Any CPU.ActiveCfg = Debug|Any CPU
		{6CAAD6DF-046A-4924-8949-96D55B975716}.Debug|Any CPU.Build.0 = Debug|Any CPU
		{6CAAD6DF-046A-4924-8949-96D55B975716}.Release|Any CPU.ActiveCfg = Release|Any CPU
		{6CAAD6DF-046A-4924-8949-96D55B975716}.Release|Any CPU.Build.0 = Release|Any CPU
		{F94B3908-AD70-4448-B627-B7642859D18F}.Debug|Any CPU.ActiveCfg = Debug|Any CPU
		{F94B3908-AD70-4448-B627-B7642859D18F}.Debug|Any CPU.Build.0 = Debug|Any CPU
		{F94B3908-AD70-4448-B627-B7642859D18F}.Release|Any CPU.ActiveCfg = Release|Any CPU
		{F94B3908-AD70-4448-B627-B7642859D18F}.Release|Any CPU.Build.0 = Release|Any CPU
		{B0071BA0-7EC6-4D5C-8C08-32445FFCB844}.Debug|Any CPU.ActiveCfg = Debug|Any CPU
		{B0071BA0-7EC6-4D5C-8C08-32445FFCB844}.Debug|Any CPU.Build.0 = Debug|Any CPU
		{B0071BA0-7EC6-4D5C-8C08-32445FFCB844}.Release|Any CPU.ActiveCfg = Release|Any CPU
		{B0071BA0-7EC6-4D5C-8C08-32445FFCB844}.Release|Any CPU.Build.0 = Release|Any CPU
		{F717DC02-7B2A-412C-90DC-FF14D2B46906}.Debug|Any CPU.ActiveCfg = Debug|Any CPU
		{F717DC02-7B2A-412C-90DC-FF14D2B46906}.Debug|Any CPU.Build.0 = Debug|Any CPU
		{F717DC02-7B2A-412C-90DC-FF14D2B46906}.Release|Any CPU.ActiveCfg = Release|Any CPU
		{F717DC02-7B2A-412C-90DC-FF14D2B46906}.Release|Any CPU.Build.0 = Release|Any CPU
		{4D377721-BA55-4D2A-9CE7-DDB0C876E8B0}.Debug|Any CPU.ActiveCfg = Debug|Any CPU
		{4D377721-BA55-4D2A-9CE7-DDB0C876E8B0}.Debug|Any CPU.Build.0 = Debug|Any CPU
		{4D377721-BA55-4D2A-9CE7-DDB0C876E8B0}.Release|Any CPU.ActiveCfg = Release|Any CPU
		{4D377721-BA55-4D2A-9CE7-DDB0C876E8B0}.Release|Any CPU.Build.0 = Release|Any CPU
		{3D6D31CC-B054-4308-8487-E57CB36C2AFD}.Debug|Any CPU.ActiveCfg = Debug|Any CPU
		{3D6D31CC-B054-4308-8487-E57CB36C2AFD}.Debug|Any CPU.Build.0 = Debug|Any CPU
		{3D6D31CC-B054-4308-8487-E57CB36C2AFD}.Release|Any CPU.ActiveCfg = Release|Any CPU
		{3D6D31CC-B054-4308-8487-E57CB36C2AFD}.Release|Any CPU.Build.0 = Release|Any CPU
		{02736BC3-7778-42CE-BB76-FF751C60276A}.Debug|Any CPU.ActiveCfg = Debug|Any CPU
		{02736BC3-7778-42CE-BB76-FF751C60276A}.Debug|Any CPU.Build.0 = Debug|Any CPU
		{02736BC3-7778-42CE-BB76-FF751C60276A}.Release|Any CPU.ActiveCfg = Release|Any CPU
		{02736BC3-7778-42CE-BB76-FF751C60276A}.Release|Any CPU.Build.0 = Release|Any CPU
	EndGlobalSection
	GlobalSection(SolutionProperties) = preSolution
		HideSolutionNode = FALSE
	EndGlobalSection
	GlobalSection(ExtensibilityGlobals) = postSolution
		SolutionGuid = {C1DA524B-9DD1-47B8-91D8-27B6A60495C1}
	EndGlobalSection
EndGlobal
